{
  "name": "contracts",
  "version": "0.0.1",
  "lockfileVersion": 3,
  "requires": true,
  "packages": {
    "": {
      "name": "contracts",
      "version": "0.0.1",
      "license": "ISC",
      "dependencies": {
        "@chainlink/contracts-ccip": "^1.2.1",
        "@openzeppelin/contracts": "^5.0.1"
      },
      "devDependencies": {
        "@nomicfoundation/hardhat-chai-matchers": "^2.0.3",
        "@nomicfoundation/hardhat-network-helpers": "^1.0.0",
        "@nomicfoundation/hardhat-toolbox-viem": "^2.0.0",
        "@nomicfoundation/hardhat-verify": "^2.0.0",
        "@nomicfoundation/hardhat-viem": "^1.0.0",
        "@types/chai": "^4.2.0",
        "@types/chai-as-promised": "^7.1.6",
        "@types/mocha": "^10.0.6",
        "@types/node": "^20.11.5",
        "chai": "^4.2.0",
        "esrun": "^3.2.26",
        "hardhat": "^2.19.4",
        "hardhat-gas-reporter": "^1.0.8",
        "solidity-coverage": "^0.8.5",
        "ts-node": "^10.9.2",
        "typescript": "~5.0.4",
        "viem": "^1.15.1"
      }
    },
    "../node_modules/.pnpm/@chainlink+contracts-ccip@1.2.1_ethers@6.10.0/node_modules/@chainlink/contracts-ccip": {
      "version": "1.2.1",
      "license": "BUSL-1.1",
      "dependencies": {
        "@eth-optimism/contracts": "^0.5.21",
        "@openzeppelin/contracts": "~4.3.3",
        "@openzeppelin/contracts-upgradeable-4.7.3": "npm:@openzeppelin/contracts-upgradeable@v4.7.3",
        "@openzeppelin/contracts-v0.7": "npm:@openzeppelin/contracts@v3.4.2"
      },
      "devDependencies": {
        "@ethereum-waffle/mock-contract": "^3.3.0",
        "@ethersproject/abi": "~5.7.0",
        "@ethersproject/bignumber": "~5.7.0",
        "@ethersproject/contracts": "~5.7.0",
        "@ethersproject/providers": "~5.7.2",
        "@ethersproject/random": "~5.7.0",
        "@nomicfoundation/hardhat-network-helpers": "^1.0.8",
        "@nomiclabs/hardhat-ethers": "^2.2.3",
        "@nomiclabs/hardhat-etherscan": "^3.1.0",
        "@nomiclabs/hardhat-waffle": "^2.0.1",
        "@openzeppelin/hardhat-upgrades": "1.22.1",
        "@openzeppelin/test-helpers": "^0.5.11",
        "@typechain/ethers-v5": "^7.0.1",
        "@typechain/hardhat": "^3.0.0",
        "@types/cbor": "5.0.1",
        "@types/chai": "^4.3.6",
        "@types/debug": "^4.1.8",
        "@types/deep-equal-in-any-order": "^1.0.1",
        "@types/mocha": "^10.0.1",
        "@types/node": "^16.18.52",
        "@typescript-eslint/eslint-plugin": "^6.7.0",
        "@typescript-eslint/parser": "^6.7.0",
        "abi-to-sol": "^0.6.6",
        "chai": "^4.3.8",
        "debug": "^4.3.4",
        "deep-equal-in-any-order": "^2.0.6",
        "eslint": "^8.49.0",
        "eslint-config-prettier": "^9.0.0",
        "eslint-plugin-prettier": "^5.0.0",
        "ethereum-waffle": "^3.3.0",
        "ethers": "~5.6.0",
        "hardhat": "~2.17.3",
        "hardhat-abi-exporter": "^2.2.1",
        "hardhat-contract-sizer": "^2.5.1",
        "hardhat-gas-reporter": "^1.0.9",
        "hardhat-ignore-warnings": "^0.2.6",
        "istanbul": "^0.4.5",
        "moment": "^2.29.4",
        "prettier": "^3.0.3",
        "prettier-plugin-solidity": "1.1.3",
        "rlp": "^2.2.7",
        "solhint": "^3.6.2",
        "solhint-plugin-chainlink-solidity": "git+https://github.com/smartcontractkit/chainlink-solhint-rules.git",
        "solhint-plugin-prettier": "^0.0.5",
        "solidity-coverage": "^0.8.4",
        "ts-node": "^10.9.1",
        "tslib": "^2.6.2",
        "typechain": "^8.2.0",
        "typescript": "^5.2.2"
      }
    },
    "../node_modules/.pnpm/@nomicfoundation+hardhat-chai-matchers@2.0.3_@nomicfoundation+hardhat-ethers@3.0.5_chai@4.4.0_u5cvk6x3lvwksmzr4vj5ms6ynm/node_modules/@nomicfoundation/hardhat-chai-matchers": {
      "version": "2.0.3",
      "dev": true,
      "license": "MIT",
      "dependencies": {
        "@types/chai-as-promised": "^7.1.3",
        "chai-as-promised": "^7.1.1",
        "deep-eql": "^4.0.1",
        "ordinal": "^1.0.3"
      },
      "devDependencies": {
        "@nomicfoundation/eslint-plugin-hardhat-internal-rules": "^1.0.2",
        "@nomicfoundation/eslint-plugin-slow-imports": "^1.0.0",
        "@nomicfoundation/hardhat-chai-matchers": "2.0.3",
        "@nomicfoundation/hardhat-ethers": "^3.0.0",
        "@types/bn.js": "^5.1.0",
        "@types/chai": "^4.2.0",
        "@types/mocha": ">=9.1.0",
        "@types/node": "^16.0.0",
        "@typescript-eslint/eslint-plugin": "5.61.0",
        "@typescript-eslint/parser": "5.61.0",
        "bignumber.js": "^9.0.2",
        "bn.js": "^5.1.0",
        "chai": "^4.2.0",
        "eslint": "^8.44.0",
        "eslint-config-prettier": "8.3.0",
        "eslint-plugin-import": "2.27.5",
        "eslint-plugin-no-only-tests": "3.0.0",
        "eslint-plugin-prettier": "3.4.0",
        "ethers": "^6.1.0",
        "get-port": "^5.1.1",
        "hardhat": "^2.9.4",
        "mocha": "^10.0.0",
        "prettier": "2.4.1",
        "rimraf": "^3.0.2",
        "ts-node": "^10.8.0",
        "typescript": "~5.0.0"
      },
      "peerDependencies": {
        "@nomicfoundation/hardhat-ethers": "^3.0.0",
        "chai": "^4.2.0",
        "ethers": "^6.1.0",
        "hardhat": "^2.9.4"
      }
    },
    "../node_modules/.pnpm/@nomicfoundation+hardhat-network-helpers@1.0.10_hardhat@2.19.4/node_modules/@nomicfoundation/hardhat-network-helpers": {
      "version": "1.0.10",
      "dev": true,
      "license": "MIT",
      "dependencies": {
        "ethereumjs-util": "^7.1.4"
      },
      "devDependencies": {
        "@nomicfoundation/eslint-plugin-hardhat-internal-rules": "^1.0.2",
        "@nomicfoundation/eslint-plugin-slow-imports": "^1.0.0",
        "@types/chai": "^4.2.0",
        "@types/chai-as-promised": "^7.1.3",
        "@types/mocha": ">=9.1.0",
        "@types/node": "^16.0.0",
        "@typescript-eslint/eslint-plugin": "5.61.0",
        "@typescript-eslint/parser": "5.61.0",
        "chai": "^4.2.0",
        "chai-as-promised": "^7.1.1",
        "eslint": "^8.44.0",
        "eslint-config-prettier": "8.3.0",
        "eslint-plugin-import": "2.27.5",
        "eslint-plugin-no-only-tests": "3.0.0",
        "eslint-plugin-prettier": "3.4.0",
        "ethers-v5": "npm:ethers@5",
        "hardhat": "^2.9.5",
        "mocha": "^10.0.0",
        "prettier": "2.4.1",
        "rimraf": "^3.0.2",
        "ts-node": "^10.8.0",
        "typescript": "~5.0.0"
      },
      "peerDependencies": {
        "hardhat": "^2.9.5"
      }
    },
    "../node_modules/.pnpm/@nomicfoundation+hardhat-toolbox-viem@2.0.0_@nomicfoundation+hardhat-network-helpers@1.0.10_@_qwitsqnug64hfsboyfu2vw7a4i/node_modules/@nomicfoundation/hardhat-toolbox-viem": {
      "version": "2.0.0",
      "dev": true,
      "license": "MIT",
      "dependencies": {
        "chai-as-promised": "^7.1.1"
      },
      "devDependencies": {
        "@nomicfoundation/eslint-plugin-hardhat-internal-rules": "^1.0.2",
        "@nomicfoundation/eslint-plugin-slow-imports": "^1.0.0",
        "@nomicfoundation/hardhat-network-helpers": "^1.0.0",
        "@nomicfoundation/hardhat-verify": "^2.0.0",
        "@nomicfoundation/hardhat-viem": "^1.0.0",
        "@types/chai": "^4.2.0",
        "@types/chai-as-promised": "^7.1.6",
        "@types/mocha": ">=9.1.0",
        "@types/node": "^16.0.0",
        "@typescript-eslint/eslint-plugin": "5.61.0",
        "@typescript-eslint/parser": "5.61.0",
        "chai": "^4.2.0",
        "eslint": "^8.44.0",
        "eslint-config-prettier": "8.3.0",
        "eslint-plugin-import": "2.27.5",
        "eslint-plugin-no-only-tests": "3.0.0",
        "eslint-plugin-prettier": "3.4.0",
        "hardhat": "^2.11.0",
        "hardhat-gas-reporter": "^1.0.8",
        "mocha": "^10.0.0",
        "prettier": "2.4.1",
        "rimraf": "^3.0.2",
        "solidity-coverage": "^0.8.1",
        "ts-node": "^10.8.0",
        "typescript": "~5.0.4",
        "viem": "^1.15.1"
      },
      "peerDependencies": {
        "@nomicfoundation/hardhat-network-helpers": "^1.0.0",
        "@nomicfoundation/hardhat-verify": "^2.0.0",
        "@nomicfoundation/hardhat-viem": "^1.0.0",
        "@types/chai": "^4.2.0",
        "@types/chai-as-promised": "^7.1.6",
        "@types/mocha": ">=9.1.0",
        "@types/node": ">=16.0.0",
        "chai": "^4.2.0",
        "hardhat": "^2.11.0",
        "hardhat-gas-reporter": "^1.0.8",
        "solidity-coverage": "^0.8.1",
        "ts-node": ">=8.0.0",
        "typescript": "~5.0.4",
        "viem": "^1.15.1"
      }
    },
    "../node_modules/.pnpm/@nomicfoundation+hardhat-verify@2.0.3_hardhat@2.19.4/node_modules/@nomicfoundation/hardhat-verify": {
      "version": "2.0.3",
      "dev": true,
      "license": "MIT",
      "dependencies": {
        "@ethersproject/abi": "^5.1.2",
        "@ethersproject/address": "^5.0.2",
        "cbor": "^8.1.0",
        "chalk": "^2.4.2",
        "debug": "^4.1.1",
        "lodash.clonedeep": "^4.5.0",
        "semver": "^6.3.0",
        "table": "^6.8.0",
        "undici": "^5.14.0"
      },
      "devDependencies": {
        "@nomicfoundation/eslint-plugin-hardhat-internal-rules": "^1.0.2",
        "@nomicfoundation/eslint-plugin-slow-imports": "^1.0.0",
        "@nomicfoundation/hardhat-ethers": "^3.0.0",
        "@types/chai": "^4.2.0",
        "@types/chai-as-promised": "^7.1.3",
        "@types/debug": "^4.1.4",
        "@types/lodash.clonedeep": "^4.5.7",
        "@types/mocha": ">=9.1.0",
        "@types/node": "^16.0.0",
        "@types/semver": "^6.0.2",
        "@types/sinon": "^9.0.8",
        "@types/sinon-chai": "^3.2.9",
        "@typescript-eslint/eslint-plugin": "5.61.0",
        "@typescript-eslint/parser": "5.61.0",
        "chai": "^4.2.0",
        "chai-as-promised": "^7.1.1",
        "eslint": "^8.44.0",
        "eslint-config-prettier": "8.3.0",
        "eslint-plugin-import": "2.27.5",
        "eslint-plugin-no-only-tests": "3.0.0",
        "eslint-plugin-prettier": "3.4.0",
        "ethers": "^5.0.0",
        "hardhat": "^2.0.4",
        "mocha": "^10.0.0",
        "nyc": "^15.1.0",
        "prettier": "2.4.1",
        "rimraf": "^3.0.2",
        "sinon": "^9.0.0",
        "sinon-chai": "^3.7.0",
        "ts-node": "^10.8.0",
        "typescript": "~5.0.0"
      },
      "peerDependencies": {
        "hardhat": "^2.0.4"
      }
    },
    "../node_modules/.pnpm/@nomicfoundation+hardhat-viem@1.0.2_hardhat@2.19.4_typescript@5.0.4_viem@1.21.4/node_modules/@nomicfoundation/hardhat-viem": {
      "version": "1.0.2",
      "dev": true,
      "license": "MIT",
      "dependencies": {
        "abitype": "^0.9.8",
        "lodash.memoize": "^4.1.2"
      },
      "devDependencies": {
        "@nomicfoundation/eslint-plugin-hardhat-internal-rules": "^1.0.2",
        "@nomicfoundation/eslint-plugin-slow-imports": "^1.0.0",
        "@types/chai": "^4.2.0",
        "@types/chai-as-promised": "^7.1.3",
        "@types/lodash": "^4.14.123",
        "@types/lodash.memoize": "^4.1.7",
        "@types/mocha": ">=9.1.0",
        "@types/node": "^16.0.0",
        "@types/sinon": "^9.0.8",
        "@typescript-eslint/eslint-plugin": "5.61.0",
        "@typescript-eslint/parser": "5.61.0",
        "chai": "^4.2.0",
        "chai-as-promised": "^7.1.1",
        "eslint": "^8.44.0",
        "eslint-config-prettier": "8.3.0",
        "eslint-plugin-import": "2.27.5",
        "eslint-plugin-no-only-tests": "3.0.0",
        "eslint-plugin-prettier": "3.4.0",
        "hardhat": "^2.17.0",
        "jest-diff": "^29.7.0",
        "mocha": "^10.0.0",
        "nyc": "^15.1.0",
        "prettier": "2.4.1",
        "rimraf": "^3.0.2",
        "sinon": "^9.0.0",
        "ts-node": "^10.8.0",
        "typescript": "~5.0.0",
        "viem": "^1.15.1"
      },
      "peerDependencies": {
        "hardhat": "^2.17.0",
        "typescript": "~5.0.0",
        "viem": "^1.15.1"
      }
    },
    "../node_modules/.pnpm/@openzeppelin+contracts@5.0.1/node_modules/@openzeppelin/contracts": {
      "version": "5.0.1",
      "license": "MIT"
    },
    "../node_modules/.pnpm/@types+chai-as-promised@7.1.8/node_modules/@types/chai-as-promised": {
      "version": "7.1.8",
      "dev": true,
      "license": "MIT",
      "dependencies": {
        "@types/chai": "*"
      }
    },
    "../node_modules/.pnpm/@types+chai@4.3.11/node_modules/@types/chai": {
      "version": "4.3.11",
      "dev": true,
      "license": "MIT"
    },
    "../node_modules/.pnpm/@types+mocha@10.0.6/node_modules/@types/mocha": {
      "version": "10.0.6",
      "dev": true,
      "license": "MIT"
    },
    "../node_modules/.pnpm/@types+node@20.11.5/node_modules/@types/node": {
      "version": "20.11.5",
      "dev": true,
      "license": "MIT",
      "dependencies": {
        "undici-types": "~5.26.4"
      }
    },
    "../node_modules/.pnpm/chai@4.4.0/node_modules/chai": {
      "version": "4.4.0",
      "dev": true,
      "license": "MIT",
      "dependencies": {
        "assertion-error": "^1.1.0",
        "check-error": "^1.0.3",
        "deep-eql": "^4.1.3",
        "get-func-name": "^2.0.2",
        "loupe": "^2.3.6",
        "pathval": "^1.1.1",
        "type-detect": "^4.0.8"
      },
      "devDependencies": {
        "browserify": "^16.5.2",
        "bump-cli": "^2.7.1",
        "codecov": "^3.8.3",
        "istanbul": "^0.4.5",
        "karma": "^6.4.2",
        "karma-chrome-launcher": "^2.2.0",
        "karma-firefox-launcher": "^1.3.0",
        "karma-mocha": "^2.0.1",
        "karma-sauce-launcher": "^4.1.4",
        "mocha": "^10.2.0"
      },
      "engines": {
        "node": ">=4"
      }
    },
    "../node_modules/.pnpm/esrun@3.2.26/node_modules/esrun": {
      "version": "3.2.26",
      "dev": true,
      "license": "ISC",
      "dependencies": {
        "@digitak/grubber": "^3.1.4",
        "chokidar": "^3.5.1",
        "esbuild": "^0.17.4"
      },
      "bin": {
        "esrun": "bin.js"
      },
      "devDependencies": {
        "@digitak/bunker": "^3.2.1",
        "@types/node": "^14.14.20",
        "cute-print": "^1.0.4",
        "fartest": "^2.1.6",
        "fsevents": "^2.3.2",
        "polka": "^0.5.2",
        "typescript": "^4.7.0-dev.20220421"
      },
      "engines": {
        "node": ">=14.0"
      }
    },
    "../node_modules/.pnpm/hardhat-gas-reporter@1.0.9_hardhat@2.19.4/node_modules/hardhat-gas-reporter": {
      "version": "1.0.9",
      "dev": true,
      "license": "MIT",
      "dependencies": {
        "array-uniq": "1.0.3",
        "eth-gas-reporter": "^0.2.25",
        "sha1": "^1.1.1"
      },
      "devDependencies": {
        "@nomiclabs/hardhat-ethers": "^2.0.0",
        "@nomiclabs/hardhat-truffle5": "^2.0.0",
        "@nomiclabs/hardhat-waffle": "^2.0.1",
        "@nomiclabs/hardhat-web3": "^2.0.0",
        "@types/chai": "^4.2.14",
        "@types/fs-extra": "^5.0.4",
        "@types/mocha": "7",
        "@types/node": "^8.10.38",
        "chai": "^4.2.0",
        "dotenv": "^6.2.0",
        "ethereum-waffle": "^3.2.1",
        "ethers": "^5.0.0",
        "ganache-cli": "^6.4.3",
        "hardhat": "^2.11.0",
        "mocha": "7",
        "prettier": "^1.17.0",
        "source-map-support": "^0.5.12",
        "ts-node": "^8.1.0",
        "tslint": "^5.16.0",
        "tslint-config-prettier": "^1.18.0",
        "tslint-plugin-prettier": "^2.0.1",
        "typescript": "4.7.4",
        "web3": "^1.3.0"
      },
      "peerDependencies": {
        "hardhat": "^2.0.2"
      }
    },
    "../node_modules/.pnpm/hardhat@2.19.4_ts-node@10.9.2_typescript@5.0.4/node_modules/hardhat": {
      "version": "2.19.4",
      "dev": true,
      "license": "MIT",
      "dependencies": {
        "@ethersproject/abi": "^5.1.2",
        "@metamask/eth-sig-util": "^4.0.0",
        "@nomicfoundation/ethereumjs-block": "5.0.2",
        "@nomicfoundation/ethereumjs-blockchain": "7.0.2",
        "@nomicfoundation/ethereumjs-common": "4.0.2",
        "@nomicfoundation/ethereumjs-evm": "2.0.2",
        "@nomicfoundation/ethereumjs-rlp": "5.0.2",
        "@nomicfoundation/ethereumjs-statemanager": "2.0.2",
        "@nomicfoundation/ethereumjs-trie": "6.0.2",
        "@nomicfoundation/ethereumjs-tx": "5.0.2",
        "@nomicfoundation/ethereumjs-util": "9.0.2",
        "@nomicfoundation/ethereumjs-vm": "7.0.2",
        "@nomicfoundation/solidity-analyzer": "^0.1.0",
        "@sentry/node": "^5.18.1",
        "@types/bn.js": "^5.1.0",
        "@types/lru-cache": "^5.1.0",
        "adm-zip": "^0.4.16",
        "aggregate-error": "^3.0.0",
        "ansi-escapes": "^4.3.0",
        "chalk": "^2.4.2",
        "chokidar": "^3.4.0",
        "ci-info": "^2.0.0",
        "debug": "^4.1.1",
        "enquirer": "^2.3.0",
        "env-paths": "^2.2.0",
        "ethereum-cryptography": "^1.0.3",
        "ethereumjs-abi": "^0.6.8",
        "find-up": "^2.1.0",
        "fp-ts": "1.19.3",
        "fs-extra": "^7.0.1",
        "glob": "7.2.0",
        "immutable": "^4.0.0-rc.12",
        "io-ts": "1.10.4",
        "keccak": "^3.0.2",
        "lodash": "^4.17.11",
        "mnemonist": "^0.38.0",
        "mocha": "^10.0.0",
        "p-map": "^4.0.0",
        "raw-body": "^2.4.1",
        "resolve": "1.17.0",
        "semver": "^6.3.0",
        "solc": "0.7.3",
        "source-map-support": "^0.5.13",
        "stacktrace-parser": "^0.1.10",
        "tsort": "0.0.1",
        "undici": "^5.14.0",
        "uuid": "^8.3.2",
        "ws": "^7.4.6"
      },
      "bin": {
        "hardhat": "internal/cli/bootstrap.js"
      },
      "devDependencies": {
        "@nomicfoundation/eslint-plugin-hardhat-internal-rules": "^1.0.2",
        "@nomicfoundation/eslint-plugin-slow-imports": "^1.0.0",
        "@types/async-eventemitter": "^0.2.1",
        "@types/bn.js": "^5.1.0",
        "@types/chai": "^4.2.0",
        "@types/chai-as-promised": "^7.1.3",
        "@types/ci-info": "^2.0.0",
        "@types/debug": "^4.1.4",
        "@types/find-up": "^2.1.1",
        "@types/fs-extra": "^5.1.0",
        "@types/glob": "^7.1.1",
        "@types/keccak": "^3.0.1",
        "@types/lodash": "^4.14.123",
        "@types/mocha": ">=9.1.0",
        "@types/node": "^16.0.0",
        "@types/resolve": "^1.17.1",
        "@types/semver": "^6.0.2",
        "@types/sinon": "^9.0.8",
        "@types/uuid": "^8.3.1",
        "@types/ws": "^7.2.1",
        "@typescript-eslint/eslint-plugin": "5.61.0",
        "@typescript-eslint/parser": "5.61.0",
        "bignumber.js": "^9.0.2",
        "bn.js": "^5.1.0",
        "chai": "^4.2.0",
        "chai-as-promised": "^7.1.1",
        "eslint": "^8.44.0",
        "eslint-config-prettier": "8.3.0",
        "eslint-plugin-import": "2.27.5",
        "eslint-plugin-no-only-tests": "3.0.0",
        "eslint-plugin-prettier": "3.4.0",
        "ethers": "^6.1.0",
        "ethers-v5": "npm:ethers@5",
        "mocha": "^10.0.0",
        "prettier": "2.4.1",
        "rimraf": "^3.0.2",
        "sinon": "^9.0.0",
        "time-require": "^0.1.2",
        "ts-node": "^10.8.0",
        "typescript": "~5.0.0"
      },
      "peerDependencies": {
        "ts-node": "*",
        "typescript": "*"
      },
      "peerDependenciesMeta": {
        "ts-node": {
          "optional": true
        },
        "typescript": {
          "optional": true
        }
      }
    },
    "../node_modules/.pnpm/solidity-coverage@0.8.5_hardhat@2.19.4/node_modules/solidity-coverage": {
      "version": "0.8.5",
      "dev": true,
      "license": "ISC",
      "dependencies": {
        "@ethersproject/abi": "^5.0.9",
        "@solidity-parser/parser": "^0.16.0",
        "chalk": "^2.4.2",
        "death": "^1.1.0",
        "detect-port": "^1.3.0",
        "difflib": "^0.2.4",
        "fs-extra": "^8.1.0",
        "ghost-testrpc": "^0.0.2",
        "global-modules": "^2.0.0",
        "globby": "^10.0.1",
        "jsonschema": "^1.2.4",
        "lodash": "^4.17.15",
        "mocha": "10.2.0",
        "node-emoji": "^1.10.0",
        "pify": "^4.0.1",
        "recursive-readdir": "^2.2.2",
        "sc-istanbul": "^0.4.5",
        "semver": "^7.3.4",
        "shelljs": "^0.8.3",
        "web3-utils": "^1.3.6"
      },
      "bin": {
        "solidity-coverage": "plugins/bin.js"
      },
      "devDependencies": {
        "@nomiclabs/hardhat-ethers": "^2.0.4",
        "@nomiclabs/hardhat-truffle5": "^2.0.0",
        "@nomiclabs/hardhat-waffle": "^2.0.1",
        "@nomiclabs/hardhat-web3": "^2.0.0",
        "@truffle/contract": "4.0.36",
        "chai": "^4.3.4",
        "decache": "^4.5.1",
        "ethereum-waffle": "^3.4.0",
        "ethers": "^5.5.3",
        "ganache-cli": "6.12.2",
        "hardhat": "^2.17.3",
        "hardhat-gas-reporter": "^1.0.1",
        "nyc": "^14.1.1",
        "solc": "^0.7.5"
      },
      "peerDependencies": {
        "hardhat": "^2.11.0"
      }
    },
    "../node_modules/.pnpm/typescript@5.0.4/node_modules/typescript": {
      "version": "5.0.4",
      "dev": true,
      "license": "Apache-2.0",
      "bin": {
        "tsc": "bin/tsc",
        "tsserver": "bin/tsserver"
      },
      "devDependencies": {
        "@esfx/canceltoken": "^1.0.0",
        "@octokit/rest": "latest",
        "@types/chai": "^4.3.4",
        "@types/fs-extra": "^9.0.13",
        "@types/glob": "^8.1.0",
        "@types/microsoft__typescript-etw": "^0.1.1",
        "@types/minimist": "^1.2.2",
        "@types/mocha": "^10.0.1",
        "@types/ms": "^0.7.31",
        "@types/node": "latest",
        "@types/source-map-support": "^0.5.6",
        "@types/which": "^2.0.1",
        "@typescript-eslint/eslint-plugin": "^5.33.1",
        "@typescript-eslint/parser": "^5.33.1",
        "@typescript-eslint/utils": "^5.33.1",
        "azure-devops-node-api": "^11.2.0",
        "chai": "^4.3.7",
        "chalk": "^4.1.2",
        "chokidar": "^3.5.3",
        "del": "^6.1.1",
        "diff": "^5.1.0",
        "esbuild": "^0.17.2",
        "eslint": "^8.22.0",
        "eslint-formatter-autolinkable-stylish": "^1.2.0",
        "eslint-plugin-import": "^2.26.0",
        "eslint-plugin-local": "^1.0.0",
        "eslint-plugin-no-null": "^1.0.2",
        "eslint-plugin-simple-import-sort": "^10.0.0",
        "fast-xml-parser": "^4.0.11",
        "fs-extra": "^9.1.0",
        "glob": "^8.1.0",
        "hereby": "^1.6.4",
        "jsonc-parser": "^3.2.0",
        "minimist": "^1.2.8",
        "mocha": "^10.2.0",
        "mocha-fivemat-progress-reporter": "^0.1.0",
        "ms": "^2.1.3",
        "node-fetch": "^3.2.10",
        "source-map-support": "^0.5.21",
        "typescript": "5.0.0-dev.20230112",
        "which": "^2.0.2"
      },
      "engines": {
        "node": ">=12.20"
      }
    },
    "../node_modules/.pnpm/viem@1.21.4_typescript@5.0.4/node_modules/viem": {
      "version": "1.21.4",
      "dev": true,
      "funding": [
        {
          "type": "github",
          "url": "https://github.com/sponsors/wevm"
        }
      ],
      "license": "MIT",
      "dependencies": {
        "@adraffy/ens-normalize": "1.10.0",
        "@noble/curves": "1.2.0",
        "@noble/hashes": "1.3.2",
        "@scure/bip32": "1.3.2",
        "@scure/bip39": "1.2.1",
        "abitype": "0.9.8",
        "isows": "1.0.3",
        "ws": "8.13.0"
      },
      "peerDependencies": {
        "typescript": ">=5.0.4"
      },
      "peerDependenciesMeta": {
        "typescript": {
          "optional": true
        }
      }
    },
    "node_modules/@chainlink/contracts-ccip": {
      "resolved": "../node_modules/.pnpm/@chainlink+contracts-ccip@1.2.1_ethers@6.10.0/node_modules/@chainlink/contracts-ccip",
      "link": true
    },
    "node_modules/@cspotcode/source-map-support": {
      "version": "0.8.1",
      "resolved": "https://registry.npmjs.org/@cspotcode/source-map-support/-/source-map-support-0.8.1.tgz",
      "integrity": "sha512-IchNf6dN4tHoMFIn/7OE8LWZ19Y6q/67Bmf6vnGREv8RSbBVb9LPJxEcnwrcwX6ixSvaiGoomAUvu4YSxXrVgw==",
      "dev": true,
      "dependencies": {
        "@jridgewell/trace-mapping": "0.3.9"
      },
      "engines": {
        "node": ">=12"
      }
    },
    "node_modules/@jridgewell/resolve-uri": {
      "version": "3.1.1",
      "resolved": "https://registry.npmjs.org/@jridgewell/resolve-uri/-/resolve-uri-3.1.1.tgz",
      "integrity": "sha512-dSYZh7HhCDtCKm4QakX0xFpsRDqjjtZf/kjI/v3T3Nwt5r8/qz/M19F9ySyOqU94SXBmeG9ttTul+YnR4LOxFA==",
      "dev": true,
      "engines": {
        "node": ">=6.0.0"
      }
    },
    "node_modules/@jridgewell/sourcemap-codec": {
      "version": "1.4.15",
      "resolved": "https://registry.npmjs.org/@jridgewell/sourcemap-codec/-/sourcemap-codec-1.4.15.tgz",
      "integrity": "sha512-eF2rxCRulEKXHTRiDrDy6erMYWqNw4LPdQ8UQA4huuxaQsVeRPFl2oM8oDGxMFhJUWZf9McpLtJasDDZb/Bpeg==",
      "dev": true
    },
    "node_modules/@jridgewell/trace-mapping": {
      "version": "0.3.9",
      "resolved": "https://registry.npmjs.org/@jridgewell/trace-mapping/-/trace-mapping-0.3.9.tgz",
      "integrity": "sha512-3Belt6tdc8bPgAtbcmdtNJlirVoTmEb5e2gC94PnkwEW9jI6CAHUeoG85tjWP5WquqfavoMtMwiG4P926ZKKuQ==",
      "dev": true,
      "dependencies": {
        "@jridgewell/resolve-uri": "^3.0.3",
        "@jridgewell/sourcemap-codec": "^1.4.10"
      }
    },
    "node_modules/@nomicfoundation/hardhat-chai-matchers": {
      "resolved": "../node_modules/.pnpm/@nomicfoundation+hardhat-chai-matchers@2.0.3_@nomicfoundation+hardhat-ethers@3.0.5_chai@4.4.0_u5cvk6x3lvwksmzr4vj5ms6ynm/node_modules/@nomicfoundation/hardhat-chai-matchers",
      "link": true
    },
    "node_modules/@nomicfoundation/hardhat-network-helpers": {
      "resolved": "../node_modules/.pnpm/@nomicfoundation+hardhat-network-helpers@1.0.10_hardhat@2.19.4/node_modules/@nomicfoundation/hardhat-network-helpers",
      "link": true
    },
    "node_modules/@nomicfoundation/hardhat-toolbox-viem": {
      "resolved": "../node_modules/.pnpm/@nomicfoundation+hardhat-toolbox-viem@2.0.0_@nomicfoundation+hardhat-network-helpers@1.0.10_@_qwitsqnug64hfsboyfu2vw7a4i/node_modules/@nomicfoundation/hardhat-toolbox-viem",
      "link": true
    },
    "node_modules/@nomicfoundation/hardhat-verify": {
      "resolved": "../node_modules/.pnpm/@nomicfoundation+hardhat-verify@2.0.3_hardhat@2.19.4/node_modules/@nomicfoundation/hardhat-verify",
      "link": true
    },
    "node_modules/@nomicfoundation/hardhat-viem": {
      "resolved": "../node_modules/.pnpm/@nomicfoundation+hardhat-viem@1.0.2_hardhat@2.19.4_typescript@5.0.4_viem@1.21.4/node_modules/@nomicfoundation/hardhat-viem",
      "link": true
    },
    "node_modules/@openzeppelin/contracts": {
      "resolved": "../node_modules/.pnpm/@openzeppelin+contracts@5.0.1/node_modules/@openzeppelin/contracts",
      "link": true
    },
    "node_modules/@tsconfig/node10": {
      "version": "1.0.9",
      "resolved": "https://registry.npmjs.org/@tsconfig/node10/-/node10-1.0.9.tgz",
      "integrity": "sha512-jNsYVVxU8v5g43Erja32laIDHXeoNvFEpX33OK4d6hljo3jDhCBDhx5dhCCTMWUojscpAagGiRkBKxpdl9fxqA==",
      "dev": true
    },
    "node_modules/@tsconfig/node12": {
      "version": "1.0.11",
      "resolved": "https://registry.npmjs.org/@tsconfig/node12/-/node12-1.0.11.tgz",
      "integrity": "sha512-cqefuRsh12pWyGsIoBKJA9luFu3mRxCA+ORZvA4ktLSzIuCUtWVxGIuXigEwO5/ywWFMZ2QEGKWvkZG1zDMTag==",
      "dev": true
    },
    "node_modules/@tsconfig/node14": {
      "version": "1.0.3",
      "resolved": "https://registry.npmjs.org/@tsconfig/node14/-/node14-1.0.3.tgz",
      "integrity": "sha512-ysT8mhdixWK6Hw3i1V2AeRqZ5WfXg1G43mqoYlM2nc6388Fq5jcXyr5mRsqViLx/GJYdoL0bfXD8nmF+Zn/Iow==",
      "dev": true
    },
    "node_modules/@tsconfig/node16": {
      "version": "1.0.4",
      "resolved": "https://registry.npmjs.org/@tsconfig/node16/-/node16-1.0.4.tgz",
      "integrity": "sha512-vxhUy4J8lyeyinH7Azl1pdd43GJhZH/tP2weN8TntQblOY+A0XbT8DJk1/oCPuOOyg/Ja757rG0CgHcWC8OfMA==",
      "dev": true
    },
    "node_modules/@types/chai": {
      "resolved": "../node_modules/.pnpm/@types+chai@4.3.11/node_modules/@types/chai",
      "link": true
    },
    "node_modules/@types/chai-as-promised": {
      "resolved": "../node_modules/.pnpm/@types+chai-as-promised@7.1.8/node_modules/@types/chai-as-promised",
      "link": true
    },
    "node_modules/@types/mocha": {
      "resolved": "../node_modules/.pnpm/@types+mocha@10.0.6/node_modules/@types/mocha",
      "link": true
    },
    "node_modules/@types/node": {
      "resolved": "../node_modules/.pnpm/@types+node@20.11.5/node_modules/@types/node",
      "link": true
    },
    "node_modules/acorn": {
      "version": "8.11.3",
      "resolved": "https://registry.npmjs.org/acorn/-/acorn-8.11.3.tgz",
      "integrity": "sha512-Y9rRfJG5jcKOE0CLisYbojUjIrIEE7AGMzA/Sm4BslANhbS+cDMpgBdcPT91oJ7OuJ9hYJBx59RjbhxVnrF8Xg==",
      "dev": true,
      "bin": {
        "acorn": "bin/acorn"
      },
      "engines": {
        "node": ">=0.4.0"
      }
    },
    "node_modules/acorn-walk": {
      "version": "8.3.2",
      "resolved": "https://registry.npmjs.org/acorn-walk/-/acorn-walk-8.3.2.tgz",
      "integrity": "sha512-cjkyv4OtNCIeqhHrfS81QWXoCBPExR/J62oyEqepVw8WaQeSqpW2uhuLPh1m9eWhDuOo/jUXVTlifvesOWp/4A==",
      "dev": true,
      "engines": {
        "node": ">=0.4.0"
      }
    },
    "node_modules/arg": {
      "version": "4.1.3",
      "resolved": "https://registry.npmjs.org/arg/-/arg-4.1.3.tgz",
      "integrity": "sha512-58S9QDqG0Xx27YwPSt9fJxivjYl432YCwfDMfZ+71RAqUrZef7LrKQZ3LHLOwCS4FLNBplP533Zx895SeOCHvA==",
      "dev": true
    },
    "node_modules/chai": {
      "resolved": "../node_modules/.pnpm/chai@4.4.0/node_modules/chai",
      "link": true
    },
    "node_modules/create-require": {
      "version": "1.1.1",
      "resolved": "https://registry.npmjs.org/create-require/-/create-require-1.1.1.tgz",
      "integrity": "sha512-dcKFX3jn0MpIaXjisoRvexIJVEKzaq7z2rZKxf+MSr9TkdmHmsU4m2lcLojrj/FHl8mk5VxMmYA+ftRkP/3oKQ==",
      "dev": true
    },
    "node_modules/diff": {
      "version": "4.0.2",
      "resolved": "https://registry.npmjs.org/diff/-/diff-4.0.2.tgz",
      "integrity": "sha512-58lmxKSA4BNyLz+HHMUzlOEpg09FV+ev6ZMe3vJihgdxzgcwZ8VoEEPmALCZG9LmqfVoNMMKpttIYTVG6uDY7A==",
      "dev": true,
      "engines": {
        "node": ">=0.3.1"
      }
    },
    "node_modules/esrun": {
      "resolved": "../node_modules/.pnpm/esrun@3.2.26/node_modules/esrun",
      "link": true
    },
    "node_modules/hardhat": {
      "resolved": "../node_modules/.pnpm/hardhat@2.19.4_ts-node@10.9.2_typescript@5.0.4/node_modules/hardhat",
      "link": true
    },
    "node_modules/hardhat-gas-reporter": {
      "resolved": "../node_modules/.pnpm/hardhat-gas-reporter@1.0.9_hardhat@2.19.4/node_modules/hardhat-gas-reporter",
      "link": true
    },
    "node_modules/make-error": {
      "version": "1.3.6",
      "resolved": "https://registry.npmjs.org/make-error/-/make-error-1.3.6.tgz",
      "integrity": "sha512-s8UhlNe7vPKomQhC1qFelMokr/Sc3AgNbso3n74mVPA5LTZwkB9NlXf4XPamLxJE8h0gh73rM94xvwRT2CVInw==",
      "dev": true
    },
    "node_modules/solidity-coverage": {
      "resolved": "../node_modules/.pnpm/solidity-coverage@0.8.5_hardhat@2.19.4/node_modules/solidity-coverage",
      "link": true
    },
    "node_modules/ts-node": {
      "version": "10.9.2",
      "resolved": "https://registry.npmjs.org/ts-node/-/ts-node-10.9.2.tgz",
      "integrity": "sha512-f0FFpIdcHgn8zcPSbf1dRevwt047YMnaiJM3u2w2RewrB+fob/zePZcrOyQoLMMO7aBIddLcQIEK5dYjkLnGrQ==",
      "dev": true,
      "dependencies": {
        "@cspotcode/source-map-support": "^0.8.0",
        "@tsconfig/node10": "^1.0.7",
        "@tsconfig/node12": "^1.0.7",
        "@tsconfig/node14": "^1.0.0",
        "@tsconfig/node16": "^1.0.2",
        "acorn": "^8.4.1",
        "acorn-walk": "^8.1.1",
        "arg": "^4.1.0",
        "create-require": "^1.1.0",
        "diff": "^4.0.1",
        "make-error": "^1.1.1",
        "v8-compile-cache-lib": "^3.0.1",
        "yn": "3.1.1"
      },
      "bin": {
        "ts-node": "dist/bin.js",
        "ts-node-cwd": "dist/bin-cwd.js",
        "ts-node-esm": "dist/bin-esm.js",
        "ts-node-script": "dist/bin-script.js",
        "ts-node-transpile-only": "dist/bin-transpile.js",
        "ts-script": "dist/bin-script-deprecated.js"
      },
      "peerDependencies": {
        "@swc/core": ">=1.2.50",
        "@swc/wasm": ">=1.2.50",
        "@types/node": "*",
        "typescript": ">=2.7"
      },
      "peerDependenciesMeta": {
        "@swc/core": {
          "optional": true
        },
        "@swc/wasm": {
          "optional": true
        }
      }
    },
    "node_modules/typescript": {
      "resolved": "../node_modules/.pnpm/typescript@5.0.4/node_modules/typescript",
      "link": true
    },
    "node_modules/v8-compile-cache-lib": {
      "version": "3.0.1",
      "resolved": "https://registry.npmjs.org/v8-compile-cache-lib/-/v8-compile-cache-lib-3.0.1.tgz",
      "integrity": "sha512-wa7YjyUGfNZngI/vtK0UHAN+lgDCxBPCylVXGp0zu59Fz5aiGtNXaq3DhIov063MorB+VfufLh3JlF2KdTK3xg==",
      "dev": true
    },
    "node_modules/viem": {
      "resolved": "../node_modules/.pnpm/viem@1.21.4_typescript@5.0.4/node_modules/viem",
      "link": true
    },
    "node_modules/yn": {
      "version": "3.1.1",
      "resolved": "https://registry.npmjs.org/yn/-/yn-3.1.1.tgz",
      "integrity": "sha512-Ux4ygGWsu2c7isFWe8Yu1YluJmqVhxqK2cLXNQA5AcC3QfbGNpM7fu0Y8b/z16pXLnFxZYvWhd3fhBY9DLmC6Q==",
      "dev": true,
      "engines": {
        "node": ">=6"
      }
    }
  }
}
